
Microsoft Visual Studio Solution File, Format Version 12.00
# Visual Studio Version 16
VisualStudioVersion = 16.0.29318.209
MinimumVisualStudioVersion = 10.0.40219.1
Project("{9A19103F-16F7-4668-BE54-9A1E7A4F7556}") = "ConsoleApplication", "ConsoleApplication.csproj", "{C2D3B30E-DA44-4ED9-BBA9-7E635CBDE03E}"
EndProject
Global
	GlobalSection(SolutionConfigurationPlatforms) = preSolution
		Debug|Any CPU = Debug|Any CPU
		Release|Any CPU = Release|Any CPU
	EndGlobalSection
	GlobalSection(ProjectConfigurationPlatforms) = postSolution
		{C2D3B30E-DA44-4ED9-BBA9-7E635CBDE03E}.Debug|Any CPU.ActiveCfg = Debug|Any CPU
		{C2D3B30E-DA44-4ED9-BBA9-7E635CBDE03E}.Debug|Any CPU.Build.0 = Debug|Any CPU
		{C2D3B30E-DA44-4ED9-BBA9-7E635CBDE03E}.Release|Any CPU.ActiveCfg = Release|Any CPU
		{C2D3B30E-DA44-4ED9-BBA9-7E635CBDE03E}.Release|Any CPU.Build.0 = Release|Any CPU
	EndGlobalSection
	GlobalSection(SolutionProperties) = preSolution
		HideSolutionNode = FALSE
	EndGlobalSection
	GlobalSection(ExtensibilityGlobals) = postSolution
		SolutionGuid = {1FF53A45-C297-481C-AE3E-01AEC41E1DC2}
	EndGlobalSection
EndGlobal
